
Microsoft Visual Studio Solution File, Format Version 12.00
# Visual Studio Version 17
VisualStudioVersion = 17.6.33815.320
MinimumVisualStudioVersion = 10.0.40219.1
Project("{FAE04EC0-301F-11D3-BF4B-00C04F79EFBC}") = "agit-polman-2023-P3-B", "agit-polman-2023-P3-B\agit-polman-2023-P3-B.csproj", "{FB2C644B-B326-4B5D-8072-161DC6321EFE}"
EndProject
Global
	GlobalSection(SolutionConfigurationPlatforms) = preSolution
		Debug|Any CPU = Debug|Any CPU
		Release|Any CPU = Release|Any CPU
	EndGlobalSection
	GlobalSection(ProjectConfigurationPlatforms) = postSolution
		{FB2C644B-B326-4B5D-8072-161DC6321EFE}.Debug|Any CPU.ActiveCfg = Debug|Any CPU
		{FB2C644B-B326-4B5D-8072-161DC6321EFE}.Debug|Any CPU.Build.0 = Debug|Any CPU
		{FB2C644B-B326-4B5D-8072-161DC6321EFE}.Release|Any CPU.ActiveCfg = Release|Any CPU
		{FB2C644B-B326-4B5D-8072-161DC6321EFE}.Release|Any CPU.Build.0 = Release|Any CPU
	EndGlobalSection
	GlobalSection(SolutionProperties) = preSolution
		HideSolutionNode = FALSE
	EndGlobalSection
	GlobalSection(ExtensibilityGlobals) = postSolution
		SolutionGuid = {E1F1CB9F-B2B3-4080-AAD3-07B67E905B5D}
	EndGlobalSection
EndGlobal
